
Microsoft Visual Studio Solution File, Format Version 12.00
# Visual Studio Version 16
VisualStudioVersion = 16.0.31112.23
MinimumVisualStudioVersion = 10.0.40219.1
Project("{FAE04EC0-301F-11D3-BF4B-00C04F79EFBC}") = "ASP.NET Core", "ASP.NET Core.csproj", "{DFB5B4EF-C147-4AA6-A90E-65A4B716CC96}"
EndProject
Global
	GlobalSection(SolutionConfigurationPlatforms) = preSolution
		Debug|Any CPU = Debug|Any CPU
		Release|Any CPU = Release|Any CPU
	EndGlobalSection
	GlobalSection(ProjectConfigurationPlatforms) = postSolution
		{DFB5B4EF-C147-4AA6-A90E-65A4B716CC96}.Debug|Any CPU.ActiveCfg = Debug|Any CPU
		{DFB5B4EF-C147-4AA6-A90E-65A4B716CC96}.Debug|Any CPU.Build.0 = Debug|Any CPU
		{DFB5B4EF-C147-4AA6-A90E-65A4B716CC96}.Release|Any CPU.ActiveCfg = Release|Any CPU
		{DFB5B4EF-C147-4AA6-A90E-65A4B716CC96}.Release|Any CPU.Build.0 = Release|Any CPU
	EndGlobalSection
	GlobalSection(SolutionProperties) = preSolution
		HideSolutionNode = FALSE
	EndGlobalSection
	GlobalSection(ExtensibilityGlobals) = postSolution
		SolutionGuid = {D72CEC08-10F8-41E4-BEDF-32D49BD3380A}
	EndGlobalSection
EndGlobal
